
Microsoft Visual Studio Solution File, Format Version 12.00
# Visual Studio Version 16
VisualStudioVersion = 16.0.29905.134
MinimumVisualStudioVersion = 10.0.40219.1
Project("{F184B08F-C81C-45F6-A57F-5ABD9991F28F}") = "QtyFromAssy", "QtyFromAssy.vbproj", "{E26EF6E7-D1E0-49E6-A1DD-87F5C2508999}"
EndProject
Global
	GlobalSection(SolutionConfigurationPlatforms) = preSolution
		Debug|Any CPU = Debug|Any CPU
		Release|Any CPU = Release|Any CPU
	EndGlobalSection
	GlobalSection(ProjectConfigurationPlatforms) = postSolution
		{E26EF6E7-D1E0-49E6-A1DD-87F5C2508999}.Debug|Any CPU.ActiveCfg = Debug|Any CPU
		{E26EF6E7-D1E0-49E6-A1DD-87F5C2508999}.Debug|Any CPU.Build.0 = Debug|Any CPU
		{E26EF6E7-D1E0-49E6-A1DD-87F5C2508999}.Release|Any CPU.ActiveCfg = Release|Any CPU
		{E26EF6E7-D1E0-49E6-A1DD-87F5C2508999}.Release|Any CPU.Build.0 = Release|Any CPU
	EndGlobalSection
	GlobalSection(SolutionProperties) = preSolution
		HideSolutionNode = FALSE
	EndGlobalSection
	GlobalSection(ExtensibilityGlobals) = postSolution
		SolutionGuid = {F0F71489-3429-462A-8FA6-E619AD95C762}
	EndGlobalSection
EndGlobal
