
Microsoft Visual Studio Solution File, Format Version 12.00
# Visual Studio Version 17
VisualStudioVersion = 17.8.34330.188
MinimumVisualStudioVersion = 10.0.40219.1
Project("{F184B08F-C81C-45F6-A57F-5ABD9991F28F}") = "CreateFlatPattern", "CreateFlatPattern.vbproj", "{31237F36-E5BF-4D90-A380-CB6F1D659676}"
EndProject
Global
	GlobalSection(SolutionConfigurationPlatforms) = preSolution
		Debug|Any CPU = Debug|Any CPU
		Release|Any CPU = Release|Any CPU
	EndGlobalSection
	GlobalSection(ProjectConfigurationPlatforms) = postSolution
		{31237F36-E5BF-4D90-A380-CB6F1D659676}.Debug|Any CPU.ActiveCfg = Debug|Any CPU
		{31237F36-E5BF-4D90-A380-CB6F1D659676}.Debug|Any CPU.Build.0 = Debug|Any CPU
		{31237F36-E5BF-4D90-A380-CB6F1D659676}.Release|Any CPU.ActiveCfg = Release|Any CPU
		{31237F36-E5BF-4D90-A380-CB6F1D659676}.Release|Any CPU.Build.0 = Release|Any CPU
	EndGlobalSection
	GlobalSection(SolutionProperties) = preSolution
		HideSolutionNode = FALSE
	EndGlobalSection
	GlobalSection(ExtensibilityGlobals) = postSolution
		SolutionGuid = {2B3A023B-57F7-4689-A2C7-46FF9C46ADA2}
	EndGlobalSection
EndGlobal
