
Microsoft Visual Studio Solution File, Format Version 12.00
# Visual Studio Version 16
VisualStudioVersion = 16.0.29905.134
MinimumVisualStudioVersion = 10.0.40219.1
Project("{F184B08F-C81C-45F6-A57F-5ABD9991F28F}") = "AddRemoveCustomProperties", "AddRemoveCustomProperties.vbproj", "{B3113FC7-20DA-43A0-86E6-D5FCDE20C7D6}"
EndProject
Global
	GlobalSection(SolutionConfigurationPlatforms) = preSolution
		Debug|Any CPU = Debug|Any CPU
		Release|Any CPU = Release|Any CPU
	EndGlobalSection
	GlobalSection(ProjectConfigurationPlatforms) = postSolution
		{B3113FC7-20DA-43A0-86E6-D5FCDE20C7D6}.Debug|Any CPU.ActiveCfg = Debug|Any CPU
		{B3113FC7-20DA-43A0-86E6-D5FCDE20C7D6}.Debug|Any CPU.Build.0 = Debug|Any CPU
		{B3113FC7-20DA-43A0-86E6-D5FCDE20C7D6}.Release|Any CPU.ActiveCfg = Release|Any CPU
		{B3113FC7-20DA-43A0-86E6-D5FCDE20C7D6}.Release|Any CPU.Build.0 = Release|Any CPU
	EndGlobalSection
	GlobalSection(SolutionProperties) = preSolution
		HideSolutionNode = FALSE
	EndGlobalSection
	GlobalSection(ExtensibilityGlobals) = postSolution
		SolutionGuid = {CA4115F8-4415-4BE5-A316-C439B45E9D38}
	EndGlobalSection
EndGlobal
